// !$*UTF8*$!
{
	archiveVersion = 1;
	classes = {
	};
	objectVersion = 50;
	objects = {

/* Begin PBXBuildFile section */
		9B49B5A823192C5100A6AB22 /* AppDelegate.swift in Sources */ = {isa = PBXBuildFile; fileRef = 9B49B5A723192C5100A6AB22 /* AppDelegate.swift */; };
		9B49B5AD23192C5100A6AB22 /* Main.storyboard in Resources */ = {isa = PBXBuildFile; fileRef = 9B49B5AB23192C5100A6AB22 /* Main.storyboard */; };
		9B49B5AF23192C5200A6AB22 /* Assets.xcassets in Resources */ = {isa = PBXBuildFile; fileRef = 9B49B5AE23192C5200A6AB22 /* Assets.xcassets */; };
		9B49B5B223192C5200A6AB22 /* LaunchScreen.storyboard in Resources */ = {isa = PBXBuildFile; fileRef = 9B49B5B023192C5200A6AB22 /* LaunchScreen.storyboard */; };
		9B49B5BA2319340000A6AB22 /* HomeViewController.swift in Sources */ = {isa = PBXBuildFile; fileRef = 9B49B5B92319340000A6AB22 /* HomeViewController.swift */; };
		9B49B5BC2319341100A6AB22 /* SightListTableViewController.swift in Sources */ = {isa = PBXBuildFile; fileRef = 9B49B5BB2319341100A6AB22 /* SightListTableViewController.swift */; };
		9B49B5BE2319341F00A6AB22 /* SightTableViewCell.swift in Sources */ = {isa = PBXBuildFile; fileRef = 9B49B5BD2319341F00A6AB22 /* SightTableViewCell.swift */; };
		9B49B5C22319343D00A6AB22 /* AddSightViewController.swift in Sources */ = {isa = PBXBuildFile; fileRef = 9B49B5C12319343D00A6AB22 /* AddSightViewController.swift */; };
		9B49B5C42319344A00A6AB22 /* EditSightViewController.swift in Sources */ = {isa = PBXBuildFile; fileRef = 9B49B5C32319344A00A6AB22 /* EditSightViewController.swift */; };
		9B49B5C62319345100A6AB22 /* SightDetailViewController.swift in Sources */ = {isa = PBXBuildFile; fileRef = 9B49B5C52319345100A6AB22 /* SightDetailViewController.swift */; };
		9B49B5C8231944DA00A6AB22 /* AddSightDelegate.swift in Sources */ = {isa = PBXBuildFile; fileRef = 9B49B5C7231944DA00A6AB22 /* AddSightDelegate.swift */; };
		9B49B5CB231A23FA00A6AB22 /* SightAnnotation.swift in Sources */ = {isa = PBXBuildFile; fileRef = 9B49B5CA231A23FA00A6AB22 /* SightAnnotation.swift */; };
		9B49B5D0231A277300A6AB22 /* MelbourneSight.xcdatamodeld in Sources */ = {isa = PBXBuildFile; fileRef = 9B49B5CE231A277300A6AB22 /* MelbourneSight.xcdatamodeld */; };
		9B49B5D3231A283D00A6AB22 /* Sight+CoreDataClass.swift in Sources */ = {isa = PBXBuildFile; fileRef = 9B49B5D1231A283D00A6AB22 /* Sight+CoreDataClass.swift */; };
		9B49B5D4231A283D00A6AB22 /* Sight+CoreDataProperties.swift in Sources */ = {isa = PBXBuildFile; fileRef = 9B49B5D2231A283D00A6AB22 /* Sight+CoreDataProperties.swift */; };
		9B49B5D6231A308D00A6AB22 /* DatabaseProtocol.swift in Sources */ = {isa = PBXBuildFile; fileRef = 9B49B5D5231A308D00A6AB22 /* DatabaseProtocol.swift */; };
		9B49B5D8231A324500A6AB22 /* CoreDataController.swift in Sources */ = {isa = PBXBuildFile; fileRef = 9B49B5D7231A324500A6AB22 /* CoreDataController.swift */; };
		9B49B5DA231A364400A6AB22 /* MulticastDelegate.swift in Sources */ = {isa = PBXBuildFile; fileRef = 9B49B5D9231A364400A6AB22 /* MulticastDelegate.swift */; };
/* End PBXBuildFile section */

/* Begin PBXFileReference section */
		9B49B5A423192C5100A6AB22 /* MelbourneSight.app */ = {isa = PBXFileReference; explicitFileType = wrapper.application; includeInIndex = 0; path = MelbourneSight.app; sourceTree = BUILT_PRODUCTS_DIR; };
		9B49B5A723192C5100A6AB22 /* AppDelegate.swift */ = {isa = PBXFileReference; lastKnownFileType = sourcecode.swift; path = AppDelegate.swift; sourceTree = "<group>"; };
		9B49B5AC23192C5100A6AB22 /* Base */ = {isa = PBXFileReference; lastKnownFileType = file.storyboard; name = Base; path = Base.lproj/Main.storyboard; sourceTree = "<group>"; };
		9B49B5AE23192C5200A6AB22 /* Assets.xcassets */ = {isa = PBXFileReference; lastKnownFileType = folder.assetcatalog; path = Assets.xcassets; sourceTree = "<group>"; };
		9B49B5B123192C5200A6AB22 /* Base */ = {isa = PBXFileReference; lastKnownFileType = file.storyboard; name = Base; path = Base.lproj/LaunchScreen.storyboard; sourceTree = "<group>"; };
		9B49B5B323192C5200A6AB22 /* Info.plist */ = {isa = PBXFileReference; lastKnownFileType = text.plist.xml; path = Info.plist; sourceTree = "<group>"; };
		9B49B5B92319340000A6AB22 /* HomeViewController.swift */ = {isa = PBXFileReference; lastKnownFileType = sourcecode.swift; path = HomeViewController.swift; sourceTree = "<group>"; };
		9B49B5BB2319341100A6AB22 /* SightListTableViewController.swift */ = {isa = PBXFileReference; lastKnownFileType = sourcecode.swift; path = SightListTableViewController.swift; sourceTree = "<group>"; };
		9B49B5BD2319341F00A6AB22 /* SightTableViewCell.swift */ = {isa = PBXFileReference; lastKnownFileType = sourcecode.swift; path = SightTableViewCell.swift; sourceTree = "<group>"; };
		9B49B5C12319343D00A6AB22 /* AddSightViewController.swift */ = {isa = PBXFileReference; lastKnownFileType = sourcecode.swift; path = AddSightViewController.swift; sourceTree = "<group>"; };
		9B49B5C32319344A00A6AB22 /* EditSightViewController.swift */ = {isa = PBXFileReference; lastKnownFileType = sourcecode.swift; path = EditSightViewController.swift; sourceTree = "<group>"; };
		9B49B5C52319345100A6AB22 /* SightDetailViewController.swift */ = {isa = PBXFileReference; lastKnownFileType = sourcecode.swift; path = SightDetailViewController.swift; sourceTree = "<group>"; };
		9B49B5C7231944DA00A6AB22 /* AddSightDelegate.swift */ = {isa = PBXFileReference; lastKnownFileType = sourcecode.swift; path = AddSightDelegate.swift; sourceTree = "<group>"; };
		9B49B5CA231A23FA00A6AB22 /* SightAnnotation.swift */ = {isa = PBXFileReference; lastKnownFileType = sourcecode.swift; path = SightAnnotation.swift; sourceTree = "<group>"; };
		9B49B5CF231A277300A6AB22 /* MelbourneSight.xcdatamodel */ = {isa = PBXFileReference; lastKnownFileType = wrapper.xcdatamodel; path = MelbourneSight.xcdatamodel; sourceTree = "<group>"; };
		9B49B5D1231A283D00A6AB22 /* Sight+CoreDataClass.swift */ = {isa = PBXFileReference; lastKnownFileType = sourcecode.swift; path = "Sight+CoreDataClass.swift"; sourceTree = "<group>"; };
		9B49B5D2231A283D00A6AB22 /* Sight+CoreDataProperties.swift */ = {isa = PBXFileReference; lastKnownFileType = sourcecode.swift; path = "Sight+CoreDataProperties.swift"; sourceTree = "<group>"; };
		9B49B5D5231A308D00A6AB22 /* DatabaseProtocol.swift */ = {isa = PBXFileReference; lastKnownFileType = sourcecode.swift; path = DatabaseProtocol.swift; sourceTree = "<group>"; };
		9B49B5D7231A324500A6AB22 /* CoreDataController.swift */ = {isa = PBXFileReference; lastKnownFileType = sourcecode.swift; path = CoreDataController.swift; sourceTree = "<group>"; };
		9B49B5D9231A364400A6AB22 /* MulticastDelegate.swift */ = {isa = PBXFileReference; lastKnownFileType = sourcecode.swift; path = MulticastDelegate.swift; sourceTree = "<group>"; };
/* End PBXFileReference section */

/* Begin PBXFrameworksBuildPhase section */
		9B49B5A123192C5100A6AB22 /* Frameworks */ = {
			isa = PBXFrameworksBuildPhase;
			buildActionMask = 2147483647;
			files = (
			);
			runOnlyForDeploymentPostprocessing = 0;
		};
/* End PBXFrameworksBuildPhase section */

/* Begin PBXGroup section */
		9B49B59B23192C5100A6AB22 = {
			isa = PBXGroup;
			children = (
				9B49B5A623192C5100A6AB22 /* MelbourneSight */,
				9B49B5A523192C5100A6AB22 /* Products */,
			);
			sourceTree = "<group>";
		};
		9B49B5A523192C5100A6AB22 /* Products */ = {
			isa = PBXGroup;
			children = (
				9B49B5A423192C5100A6AB22 /* MelbourneSight.app */,
			);
			name = Products;
			sourceTree = "<group>";
		};
		9B49B5A623192C5100A6AB22 /* MelbourneSight */ = {
			isa = PBXGroup;
			children = (
				9B49B5CD231A275600A6AB22 /* Database */,
				9B49B5CC231A274E00A6AB22 /* DataModel */,
				9B49B5A723192C5100A6AB22 /* AppDelegate.swift */,
				9B49B5AB23192C5100A6AB22 /* Main.storyboard */,
				9B49B5BB2319341100A6AB22 /* SightListTableViewController.swift */,
				9B49B5B92319340000A6AB22 /* HomeViewController.swift */,
				9B49B5AE23192C5200A6AB22 /* Assets.xcassets */,
				9B49B5B023192C5200A6AB22 /* LaunchScreen.storyboard */,
				9B49B5B323192C5200A6AB22 /* Info.plist */,
				9B49B5BD2319341F00A6AB22 /* SightTableViewCell.swift */,
				9B49B5CA231A23FA00A6AB22 /* SightAnnotation.swift */,
				9B49B5C7231944DA00A6AB22 /* AddSightDelegate.swift */,
				9B49B5C12319343D00A6AB22 /* AddSightViewController.swift */,
				9B49B5C32319344A00A6AB22 /* EditSightViewController.swift */,
				9B49B5C52319345100A6AB22 /* SightDetailViewController.swift */,
			);
			path = MelbourneSight;
			sourceTree = "<group>";
		};
		9B49B5CC231A274E00A6AB22 /* DataModel */ = {
			isa = PBXGroup;
			children = (
				9B49B5D1231A283D00A6AB22 /* Sight+CoreDataClass.swift */,
				9B49B5D2231A283D00A6AB22 /* Sight+CoreDataProperties.swift */,
				9B49B5CE231A277300A6AB22 /* MelbourneSight.xcdatamodeld */,
			);
			path = DataModel;
			sourceTree = "<group>";
		};
		9B49B5CD231A275600A6AB22 /* Database */ = {
			isa = PBXGroup;
			children = (
				9B49B5D5231A308D00A6AB22 /* DatabaseProtocol.swift */,
				9B49B5D7231A324500A6AB22 /* CoreDataController.swift */,
				9B49B5D9231A364400A6AB22 /* MulticastDelegate.swift */,
			);
			path = Database;
			sourceTree = "<group>";
		};
/* End PBXGroup section */

/* Begin PBXNativeTarget section */
		9B49B5A323192C5100A6AB22 /* MelbourneSight */ = {
			isa = PBXNativeTarget;
			buildConfigurationList = 9B49B5B623192C5200A6AB22 /* Build configuration list for PBXNativeTarget "MelbourneSight" */;
			buildPhases = (
				9B49B5A023192C5100A6AB22 /* Sources */,
				9B49B5A123192C5100A6AB22 /* Frameworks */,
				9B49B5A223192C5100A6AB22 /* Resources */,
			);
			buildRules = (
			);
			dependencies = (
			);
			name = MelbourneSight;
			productName = MelbourneSight;
			productReference = 9B49B5A423192C5100A6AB22 /* MelbourneSight.app */;
			productType = "com.apple.product-type.application";
		};
/* End PBXNativeTarget section */

/* Begin PBXProject section */
		9B49B59C23192C5100A6AB22 /* Project object */ = {
			isa = PBXProject;
			attributes = {
				LastSwiftUpdateCheck = 1030;
				LastUpgradeCheck = 1030;
				ORGANIZATIONNAME = "Wenchu Du";
				TargetAttributes = {
					9B49B5A323192C5100A6AB22 = {
						CreatedOnToolsVersion = 10.3;
					};
				};
			};
			buildConfigurationList = 9B49B59F23192C5100A6AB22 /* Build configuration list for PBXProject "MelbourneSight" */;
			compatibilityVersion = "Xcode 9.3";
			developmentRegion = en;
			hasScannedForEncodings = 0;
			knownRegions = (
				en,
				Base,
			);
			mainGroup = 9B49B59B23192C5100A6AB22;
			productRefGroup = 9B49B5A523192C5100A6AB22 /* Products */;
			projectDirPath = "";
			projectRoot = "";
			targets = (
				9B49B5A323192C5100A6AB22 /* MelbourneSight */,
			);
		};
/* End PBXProject section */

/* Begin PBXResourcesBuildPhase section */
		9B49B5A223192C5100A6AB22 /* Resources */ = {
			isa = PBXResourcesBuildPhase;
			buildActionMask = 2147483647;
			files = (
				9B49B5B223192C5200A6AB22 /* LaunchScreen.storyboard in Resources */,
				9B49B5AF23192C5200A6AB22 /* Assets.xcassets in Resources */,
				9B49B5AD23192C5100A6AB22 /* Main.storyboard in Resources */,
			);
			runOnlyForDeploymentPostprocessing = 0;
		};
/* End PBXResourcesBuildPhase section */

/* Begin PBXSourcesBuildPhase section */
		9B49B5A023192C5100A6AB22 /* Sources */ = {
			isa = PBXSourcesBuildPhase;
			buildActionMask = 2147483647;
			files = (
				9B49B5D6231A308D00A6AB22 /* DatabaseProtocol.swift in Sources */,
				9B49B5BC2319341100A6AB22 /* SightListTableViewController.swift in Sources */,
				9B49B5DA231A364400A6AB22 /* MulticastDelegate.swift in Sources */,
				9B49B5BE2319341F00A6AB22 /* SightTableViewCell.swift in Sources */,
				9B49B5C22319343D00A6AB22 /* AddSightViewController.swift in Sources */,
				9B49B5C62319345100A6AB22 /* SightDetailViewController.swift in Sources */,
				9B49B5CB231A23FA00A6AB22 /* SightAnnotation.swift in Sources */,
				9B49B5A823192C5100A6AB22 /* AppDelegate.swift in Sources */,
				9B49B5C8231944DA00A6AB22 /* AddSightDelegate.swift in Sources */,
				9B49B5C42319344A00A6AB22 /* EditSightViewController.swift in Sources */,
				9B49B5D0231A277300A6AB22 /* MelbourneSight.xcdatamodeld in Sources */,
				9B49B5D8231A324500A6AB22 /* CoreDataController.swift in Sources */,
				9B49B5BA2319340000A6AB22 /* HomeViewController.swift in Sources */,
				9B49B5D3231A283D00A6AB22 /* Sight+CoreDataClass.swift in Sources */,
				9B49B5D4231A283D00A6AB22 /* Sight+CoreDataProperties.swift in Sources */,
			);
			runOnlyForDeploymentPostprocessing = 0;
		};
/* End PBXSourcesBuildPhase section */

/* Begin PBXVariantGroup section */
		9B49B5AB23192C5100A6AB22 /* Main.storyboard */ = {
			isa = PBXVariantGroup;
			children = (
				9B49B5AC23192C5100A6AB22 /* Base */,
			);
			name = Main.storyboard;
			sourceTree = "<group>";
		};
		9B49B5B023192C5200A6AB22 /* LaunchScreen.storyboard */ = {
			isa = PBXVariantGroup;
			children = (
				9B49B5B123192C5200A6AB22 /* Base */,
			);
			name = LaunchScreen.storyboard;
			sourceTree = "<group>";
		};
/* End PBXVariantGroup section */

/* Begin XCBuildConfiguration section */
		9B49B5B423192C5200A6AB22 /* Debug */ = {
			isa = XCBuildConfiguration;
			buildSettings = {
				ALWAYS_SEARCH_USER_PATHS = NO;
				CLANG_ANALYZER_NONNULL = YES;
				CLANG_ANALYZER_NUMBER_OBJECT_CONVERSION = YES_AGGRESSIVE;
				CLANG_CXX_LANGUAGE_STANDARD = "gnu++14";
				CLANG_CXX_LIBRARY = "libc++";
				CLANG_ENABLE_MODULES = YES;
				CLANG_ENABLE_OBJC_ARC = YES;
				CLANG_ENABLE_OBJC_WEAK = YES;
				CLANG_WARN_BLOCK_CAPTURE_AUTORELEASING = YES;
				CLANG_WARN_BOOL_CONVERSION = YES;
				CLANG_WARN_COMMA = YES;
				CLANG_WARN_CONSTANT_CONVERSION = YES;
				CLANG_WARN_DEPRECATED_OBJC_IMPLEMENTATIONS = YES;
				CLANG_WARN_DIRECT_OBJC_ISA_USAGE = YES_ERROR;
				CLANG_WARN_DOCUMENTATION_COMMENTS = YES;
				CLANG_WARN_EMPTY_BODY = YES;
				CLANG_WARN_ENUM_CONVERSION = YES;
				CLANG_WARN_INFINITE_RECURSION = YES;
				CLANG_WARN_INT_CONVERSION = YES;
				CLANG_WARN_NON_LITERAL_NULL_CONVERSION = YES;
				CLANG_WARN_OBJC_IMPLICIT_RETAIN_SELF = YES;
				CLANG_WARN_OBJC_LITERAL_CONVERSION = YES;
				CLANG_WARN_OBJC_ROOT_CLASS = YES_ERROR;
				CLANG_WARN_RANGE_LOOP_ANALYSIS = YES;
				CLANG_WARN_STRICT_PROTOTYPES = YES;
				CLANG_WARN_SUSPICIOUS_MOVE = YES;
				CLANG_WARN_UNGUARDED_AVAILABILITY = YES_AGGRESSIVE;
				CLANG_WARN_UNREACHABLE_CODE = YES;
				CLANG_WARN__DUPLICATE_METHOD_MATCH = YES;
				CODE_SIGN_IDENTITY = "iPhone Developer";
				COPY_PHASE_STRIP = NO;
				DEBUG_INFORMATION_FORMAT = dwarf;
				ENABLE_STRICT_OBJC_MSGSEND = YES;
				ENABLE_TESTABILITY = YES;
				GCC_C_LANGUAGE_STANDARD = gnu11;
				GCC_DYNAMIC_NO_PIC = NO;
				GCC_NO_COMMON_BLOCKS = YES;
				GCC_OPTIMIZATION_LEVEL = 0;
				GCC_PREPROCESSOR_DEFINITIONS = (
					"DEBUG=1",
					"$(inherited)",
				);
				GCC_WARN_64_TO_32_BIT_CONVERSION = YES;
				GCC_WARN_ABOUT_RETURN_TYPE = YES_ERROR;
				GCC_WARN_UNDECLARED_SELECTOR = YES;
				GCC_WARN_UNINITIALIZED_AUTOS = YES_AGGRESSIVE;
				GCC_WARN_UNUSED_FUNCTION = YES;
				GCC_WARN_UNUSED_VARIABLE = YES;
				IPHONEOS_DEPLOYMENT_TARGET = 12.4;
				MTL_ENABLE_DEBUG_INFO = INCLUDE_SOURCE;
				MTL_FAST_MATH = YES;
				ONLY_ACTIVE_ARCH = YES;
				SDKROOT = iphoneos;
				SWIFT_ACTIVE_COMPILATION_CONDITIONS = DEBUG;
				SWIFT_OPTIMIZATION_LEVEL = "-Onone";
			};
			name = Debug;
		};
		9B49B5B523192C5200A6AB22 /* Release */ = {
			isa = XCBuildConfiguration;
			buildSettings = {
				ALWAYS_SEARCH_USER_PATHS = NO;
				CLANG_ANALYZER_NONNULL = YES;
				CLANG_ANALYZER_NUMBER_OBJECT_CONVERSION = YES_AGGRESSIVE;
				CLANG_CXX_LANGUAGE_STANDARD = "gnu++14";
				CLANG_CXX_LIBRARY = "libc++";
				CLANG_ENABLE_MODULES = YES;
				CLANG_ENABLE_OBJC_ARC = YES;
				CLANG_ENABLE_OBJC_WEAK = YES;
				CLANG_WARN_BLOCK_CAPTURE_AUTORELEASING = YES;
				CLANG_WARN_BOOL_CONVERSION = YES;
				CLANG_WARN_COMMA = YES;
				CLANG_WARN_CONSTANT_CONVERSION = YES;
				CLANG_WARN_DEPRECATED_OBJC_IMPLEMENTATIONS = YES;
				CLANG_WARN_DIRECT_OBJC_ISA_USAGE = YES_ERROR;
				CLANG_WARN_DOCUMENTATION_COMMENTS = YES;
				CLANG_WARN_EMPTY_BODY = YES;
				CLANG_WARN_ENUM_CONVERSION = YES;
				CLANG_WARN_INFINITE_RECURSION = YES;
				CLANG_WARN_INT_CONVERSION = YES;
				CLANG_WARN_NON_LITERAL_NULL_CONVERSION = YES;
				CLANG_WARN_OBJC_IMPLICIT_RETAIN_SELF = YES;
				CLANG_WARN_OBJC_LITERAL_CONVERSION = YES;
				CLANG_WARN_OBJC_ROOT_CLASS = YES_ERROR;
				CLANG_WARN_RANGE_LOOP_ANALYSIS = YES;
				CLANG_WARN_STRICT_PROTOTYPES = YES;
				CLANG_WARN_SUSPICIOUS_MOVE = YES;
				CLANG_WARN_UNGUARDED_AVAILABILITY = YES_AGGRESSIVE;
				CLANG_WARN_UNREACHABLE_CODE = YES;
				CLANG_WARN__DUPLICATE_METHOD_MATCH = YES;
				CODE_SIGN_IDENTITY = "iPhone Developer";
				COPY_PHASE_STRIP = NO;
				DEBUG_INFORMATION_FORMAT = "dwarf-with-dsym";
				ENABLE_NS_ASSERTIONS = NO;
				ENABLE_STRICT_OBJC_MSGSEND = YES;
				GCC_C_LANGUAGE_STANDARD = gnu11;
				GCC_NO_COMMON_BLOCKS = YES;
				GCC_WARN_64_TO_32_BIT_CONVERSION = YES;
				GCC_WARN_ABOUT_RETURN_TYPE = YES_ERROR;
				GCC_WARN_UNDECLARED_SELECTOR = YES;
				GCC_WARN_UNINITIALIZED_AUTOS = YES_AGGRESSIVE;
				GCC_WARN_UNUSED_FUNCTION = YES;
				GCC_WARN_UNUSED_VARIABLE = YES;
				IPHONEOS_DEPLOYMENT_TARGET = 12.4;
				MTL_ENABLE_DEBUG_INFO = NO;
				MTL_FAST_MATH = YES;
				SDKROOT = iphoneos;
				SWIFT_COMPILATION_MODE = wholemodule;
				SWIFT_OPTIMIZATION_LEVEL = "-O";
				VALIDATE_PRODUCT = YES;
			};
			name = Release;
		};
		9B49B5B723192C5200A6AB22 /* Debug */ = {
			isa = XCBuildConfiguration;
			buildSettings = {
				ASSETCATALOG_COMPILER_APPICON_NAME = AppIcon;
				CODE_SIGN_STYLE = Automatic;
				INFOPLIST_FILE = MelbourneSight/Info.plist;
				LD_RUNPATH_SEARCH_PATHS = (
					"$(inherited)",
					"@executable_path/Frameworks",
				);
				PRODUCT_BUNDLE_IDENTIFIER = edu.monash.MelbourneSight;
				PRODUCT_NAME = "$(TARGET_NAME)";
				SWIFT_VERSION = 5.0;
				TARGETED_DEVICE_FAMILY = "1,2";
			};
			name = Debug;
		};
		9B49B5B823192C5200A6AB22 /* Release */ = {
			isa = XCBuildConfiguration;
			buildSettings = {
				ASSETCATALOG_COMPILER_APPICON_NAME = AppIcon;
				CODE_SIGN_STYLE = Automatic;
				INFOPLIST_FILE = MelbourneSight/Info.plist;
				LD_RUNPATH_SEARCH_PATHS = (
					"$(inherited)",
					"@executable_path/Frameworks",
				);
				PRODUCT_BUNDLE_IDENTIFIER = edu.monash.MelbourneSight;
				PRODUCT_NAME = "$(TARGET_NAME)";
				SWIFT_VERSION = 5.0;
				TARGETED_DEVICE_FAMILY = "1,2";
			};
			name = Release;
		};
/* End XCBuildConfiguration section */

/* Begin XCConfigurationList section */
		9B49B59F23192C5100A6AB22 /* Build configuration list for PBXProject "MelbourneSight" */ = {
			isa = XCConfigurationList;
			buildConfigurations = (
				9B49B5B423192C5200A6AB22 /* Debug */,
				9B49B5B523192C5200A6AB22 /* Release */,
			);
			defaultConfigurationIsVisible = 0;
			defaultConfigurationName = Release;
		};
		9B49B5B623192C5200A6AB22 /* Build configuration list for PBXNativeTarget "MelbourneSight" */ = {
			isa = XCConfigurationList;
			buildConfigurations = (
				9B49B5B723192C5200A6AB22 /* Debug */,
				9B49B5B823192C5200A6AB22 /* Release */,
			);
			defaultConfigurationIsVisible = 0;
			defaultConfigurationName = Release;
		};
/* End XCConfigurationList section */

/* Begin XCVersionGroup section */
		9B49B5CE231A277300A6AB22 /* MelbourneSight.xcdatamodeld */ = {
			isa = XCVersionGroup;
			children = (
				9B49B5CF231A277300A6AB22 /* MelbourneSight.xcdatamodel */,
			);
			currentVersion = 9B49B5CF231A277300A6AB22 /* MelbourneSight.xcdatamodel */;
			path = MelbourneSight.xcdatamodeld;
			sourceTree = "<group>";
			versionGroupType = wrapper.xcdatamodel;
		};
/* End XCVersionGroup section */
	};
	rootObject = 9B49B59C23192C5100A6AB22 /* Project object */;
}
